
Microsoft Visual Studio Solution File, Format Version 12.00
# Visual Studio 2013
VisualStudioVersion = 12.0.30501.0
MinimumVisualStudioVersion = 10.0.40219.1
Project("{FAE04EC0-301F-11D3-BF4B-00C04F79EFBC}") = "openvpn.api.common", "openvpn.api.common\openvpn.api.common.csproj", "{4A28B024-F22B-4727-94E1-55198576763F}"
EndProject
Project("{FAE04EC0-301F-11D3-BF4B-00C04F79EFBC}") = "openvpn.api.core", "openvpn.api.core\openvpn.api.core.csproj", "{27505B8C-8557-407E-856E-0950559FC92D}"
EndProject
Project("{2150E333-8FDC-42A3-9474-1A3956D46DE8}") = ".nuget", ".nuget", "{37022CFF-ACA6-4584-9B08-7647A664BA2B}"
	ProjectSection(SolutionItems) = preProject
		.nuget\packages.config = .nuget\packages.config
	EndProjectSection
EndProject
Project("{FAE04EC0-301F-11D3-BF4B-00C04F79EFBC}") = "openvpn.api", "openvpn.api\openvpn.api.csproj", "{2B0AD90B-04DB-4739-B48B-39EA169461C3}"
EndProject
Global
	GlobalSection(SolutionConfigurationPlatforms) = preSolution
		Debug|Any CPU = Debug|Any CPU
		Release|Any CPU = Release|Any CPU
	EndGlobalSection
	GlobalSection(ProjectConfigurationPlatforms) = postSolution
		{4A28B024-F22B-4727-94E1-55198576763F}.Debug|Any CPU.ActiveCfg = Debug|Any CPU
		{4A28B024-F22B-4727-94E1-55198576763F}.Debug|Any CPU.Build.0 = Debug|Any CPU
		{4A28B024-F22B-4727-94E1-55198576763F}.Release|Any CPU.ActiveCfg = Release|Any CPU
		{4A28B024-F22B-4727-94E1-55198576763F}.Release|Any CPU.Build.0 = Release|Any CPU
		{27505B8C-8557-407E-856E-0950559FC92D}.Debug|Any CPU.ActiveCfg = Debug|Any CPU
		{27505B8C-8557-407E-856E-0950559FC92D}.Debug|Any CPU.Build.0 = Debug|Any CPU
		{27505B8C-8557-407E-856E-0950559FC92D}.Release|Any CPU.ActiveCfg = Release|Any CPU
		{27505B8C-8557-407E-856E-0950559FC92D}.Release|Any CPU.Build.0 = Release|Any CPU
		{2B0AD90B-04DB-4739-B48B-39EA169461C3}.Debug|Any CPU.ActiveCfg = Debug|Any CPU
		{2B0AD90B-04DB-4739-B48B-39EA169461C3}.Debug|Any CPU.Build.0 = Debug|Any CPU
		{2B0AD90B-04DB-4739-B48B-39EA169461C3}.Release|Any CPU.ActiveCfg = Release|Any CPU
		{2B0AD90B-04DB-4739-B48B-39EA169461C3}.Release|Any CPU.Build.0 = Release|Any CPU
	EndGlobalSection
	GlobalSection(SolutionProperties) = preSolution
		HideSolutionNode = FALSE
	EndGlobalSection
EndGlobal
